#
# This file is autogenerated by pip-compile with Python 3.11
# by the following command:
#
#    pip-compile --output-file=requirements.lock --strip-extras pyproject.toml
#
affine==2.4.0
    # via rasterio
annotated-doc==0.0.4
    # via fastapi
annotated-types==0.7.0
    # via pydantic
anyio==4.13.0
    # via
    #   httpx
    #   starlette
    #   watchfiles
attrs==26.1.0
    # via rasterio
certifi==2026.4.22
    # via
    #   httpcore
    #   httpx
    #   pyproj
    #   rasterio
    #   sentry-sdk
click==8.3.3
    # via
    #   click-plugins
    #   cligj
    #   rasterio
    #   uvicorn
click-plugins==1.1.1.2
    # via rasterio
cligj==0.7.2
    # via rasterio
deprecated==1.3.1
    # via limits
fastapi==0.136.1
    # via
    #   mushroom-api (pyproject.toml)
    #   sentry-sdk
h11==0.16.0
    # via
    #   httpcore
    #   uvicorn
httpcore==1.0.9
    # via httpx
httptools==0.7.1
    # via uvicorn
httpx==0.28.1
    # via mushroom-api (pyproject.toml)
idna==3.13
    # via
    #   anyio
    #   httpx
limits==5.8.0
    # via slowapi
numpy==2.4.4
    # via rasterio
packaging==26.2
    # via limits
psycopg==3.3.4
    # via mushroom-api (pyproject.toml)
psycopg-binary==3.3.4
    # via psycopg
psycopg-pool==3.3.1
    # via mushroom-api (pyproject.toml)
pydantic==2.13.3
    # via
    #   fastapi
    #   mushroom-api (pyproject.toml)
    #   pydantic-settings
pydantic-core==2.46.3
    # via pydantic
pydantic-settings==2.14.0
    # via mushroom-api (pyproject.toml)
pyjwt==2.12.1
    # via mushroom-api (pyproject.toml)
pyparsing==3.3.2
    # via rasterio
pyproj==3.7.2
    # via mushroom-api (pyproject.toml)
python-dotenv==1.2.2
    # via
    #   mushroom-api (pyproject.toml)
    #   pydantic-settings
    #   uvicorn
pyyaml==6.0.3
    # via uvicorn
rasterio==1.4.4
    # via mushroom-api (pyproject.toml)
sentry-sdk==2.58.0
    # via mushroom-api (pyproject.toml)
slowapi==0.1.9
    # via mushroom-api (pyproject.toml)
starlette==1.0.0
    # via fastapi
typing-extensions==4.15.0
    # via
    #   anyio
    #   fastapi
    #   limits
    #   psycopg
    #   psycopg-pool
    #   pydantic
    #   pydantic-core
    #   starlette
    #   typing-inspection
typing-inspection==0.4.2
    # via
    #   fastapi
    #   pydantic
    #   pydantic-settings
urllib3==2.6.3
    # via sentry-sdk
uvicorn==0.46.0
    # via mushroom-api (pyproject.toml)
uvloop==0.22.1
    # via uvicorn
watchfiles==1.1.1
    # via uvicorn
websockets==16.0
    # via uvicorn
wrapt==2.1.2
    # via deprecated
